
Microsoft Visual Studio Solution File, Format Version 12.00
# Visual Studio 2012
Project("{FAE04EC0-301F-11D3-BF4B-00C04F79EFBC}") = "Second_One", "Second_One\Second_One.csproj", "{58ED59EE-6F16-40C0-89E0-7E33C6A2A7CD}"
EndProject
Project("{FAE04EC0-301F-11D3-BF4B-00C04F79EFBC}") = "Second_Two", "Second_Two\Second_Two.csproj", "{46052BAD-8F1D-4E3E-8AE3-4B8E05B3B78D}"
EndProject
Project("{FAE04EC0-301F-11D3-BF4B-00C04F79EFBC}") = "Third_one", "Third_one\Third_one.csproj", "{ED0093F2-8112-4A46-8EC7-A31AFD4EC58E}"
EndProject
Project("{FAE04EC0-301F-11D3-BF4B-00C04F79EFBC}") = "Fourth_One", "Fourth_One\Fourth_One.csproj", "{B5C61F1F-402B-4D84-A3A4-77EEF5380202}"
EndProject
Project("{FAE04EC0-301F-11D3-BF4B-00C04F79EFBC}") = "Fourth_Two", "Fourth_Two\Fourth_Two.csproj", "{3718BE58-8607-4DAE-A30B-EC6B91A258A6}"
EndProject
Global
	GlobalSection(SolutionConfigurationPlatforms) = preSolution
		Debug|Any CPU = Debug|Any CPU
		Release|Any CPU = Release|Any CPU
	EndGlobalSection
	GlobalSection(ProjectConfigurationPlatforms) = postSolution
		{58ED59EE-6F16-40C0-89E0-7E33C6A2A7CD}.Debug|Any CPU.ActiveCfg = Debug|Any CPU
		{58ED59EE-6F16-40C0-89E0-7E33C6A2A7CD}.Debug|Any CPU.Build.0 = Debug|Any CPU
		{58ED59EE-6F16-40C0-89E0-7E33C6A2A7CD}.Release|Any CPU.ActiveCfg = Release|Any CPU
		{58ED59EE-6F16-40C0-89E0-7E33C6A2A7CD}.Release|Any CPU.Build.0 = Release|Any CPU
		{46052BAD-8F1D-4E3E-8AE3-4B8E05B3B78D}.Debug|Any CPU.ActiveCfg = Debug|Any CPU
		{46052BAD-8F1D-4E3E-8AE3-4B8E05B3B78D}.Debug|Any CPU.Build.0 = Debug|Any CPU
		{46052BAD-8F1D-4E3E-8AE3-4B8E05B3B78D}.Release|Any CPU.ActiveCfg = Release|Any CPU
		{46052BAD-8F1D-4E3E-8AE3-4B8E05B3B78D}.Release|Any CPU.Build.0 = Release|Any CPU
		{ED0093F2-8112-4A46-8EC7-A31AFD4EC58E}.Debug|Any CPU.ActiveCfg = Debug|Any CPU
		{ED0093F2-8112-4A46-8EC7-A31AFD4EC58E}.Debug|Any CPU.Build.0 = Debug|Any CPU
		{ED0093F2-8112-4A46-8EC7-A31AFD4EC58E}.Release|Any CPU.ActiveCfg = Release|Any CPU
		{ED0093F2-8112-4A46-8EC7-A31AFD4EC58E}.Release|Any CPU.Build.0 = Release|Any CPU
		{B5C61F1F-402B-4D84-A3A4-77EEF5380202}.Debug|Any CPU.ActiveCfg = Debug|Any CPU
		{B5C61F1F-402B-4D84-A3A4-77EEF5380202}.Debug|Any CPU.Build.0 = Debug|Any CPU
		{B5C61F1F-402B-4D84-A3A4-77EEF5380202}.Release|Any CPU.ActiveCfg = Release|Any CPU
		{B5C61F1F-402B-4D84-A3A4-77EEF5380202}.Release|Any CPU.Build.0 = Release|Any CPU
		{3718BE58-8607-4DAE-A30B-EC6B91A258A6}.Debug|Any CPU.ActiveCfg = Debug|Any CPU
		{3718BE58-8607-4DAE-A30B-EC6B91A258A6}.Debug|Any CPU.Build.0 = Debug|Any CPU
		{3718BE58-8607-4DAE-A30B-EC6B91A258A6}.Release|Any CPU.ActiveCfg = Release|Any CPU
		{3718BE58-8607-4DAE-A30B-EC6B91A258A6}.Release|Any CPU.Build.0 = Release|Any CPU
	EndGlobalSection
	GlobalSection(SolutionProperties) = preSolution
		HideSolutionNode = FALSE
	EndGlobalSection
EndGlobal
